{
  "name": "fixture-app",
  "version": "1.2.3",
  "lockfileVersion": 3,
  "packages": {
    "": {
      "name": "fixture-app",
      "version": "1.2.3"
    },
    "node_modules/@scope/tool": {
      "name": "@scope/tool",
      "version": "3.4.5"
    },
    "node_modules/lodash": {
      "version": "4.17.21"
    }
  }
}

