<?xml version="1.0" encoding="UTF-8"?>
<CONFIG>
  <ProjectOptions>
    <Version Value="12"/>
    <General>
      <Flags>
        <MainUnitHasCreateFormStatements Value="True"/>
        <MainUnitHasTitleStatement Value="True"/>
      </Flags>
      <SessionStorage Value="InIDEConfig"/>
      <MainUnit Value="0"/>
      <Title Value="PurpleRay SBOM Analyzer"/>
      <Scaled Value="True"/>
      <ResourceType Value="res"/>
      <UseXPManifest Value="True"/>
      <XPManifest>
        <DpiAware Value="True/PM"/>
      </XPManifest>
    </General>
    <VersionInfo>
      <UseVersionInfo Value="True"/>
      <MajorVersionNr Value="0"/>
      <MinorVersionNr Value="4"/>
      <RevisionNr Value="1"/>
      <BuildNr Value="0"/>
      <Language Value="0409"/>
      <CharSet Value="04E4"/>
      <StringTable Comments="Native static SBOM inventory and CycloneDX export" CompanyName="Andrei Ionut Damian" FileDescription="PurpleRay SBOM Analyzer" FileVersion="0.4.1.0" InternalName="purpleray-sbom-analyzer" LegalCopyright="Copyright (c) 2026 Andrei Ionut Damian" LegalTrademarks="" OriginalFilename="purpleray-sbom-analyzer.exe" ProductName="PurpleRay SBOM Analyzer" ProductVersion="0.4.1"/>
    </VersionInfo>
    <BuildModes Count="2">
      <Item1 Name="Debug" Default="True"/>
      <Item2 Name="Release">
        <CompilerOptions>
          <Version Value="11"/>
          <Target>
            <Filename Value="../build/release/purpleray-sbom-analyzer"/>
          </Target>
          <SearchPaths>
            <IncludeFiles Value="$(ProjOutDir)"/>
            <UnitOutputDirectory Value="../build/release/units/$(TargetCPU)-$(TargetOS)"/>
          </SearchPaths>
          <CodeGeneration>
            <SmartLinkUnit Value="True"/>
            <Optimizations>
              <OptimizationLevel Value="3"/>
            </Optimizations>
          </CodeGeneration>
          <Linking>
            <Debugging>
              <GenerateDebugInfo Value="False"/>
            </Debugging>
            <LinkSmart Value="True"/>
            <Options>
              <Win32>
                <GraphicApplication Value="True"/>
              </Win32>
            </Options>
          </Linking>
        </CompilerOptions>
      </Item2>
    </BuildModes>
    <PublishOptions>
      <Version Value="2"/>
      <UseFileFilters Value="True"/>
    </PublishOptions>
    <RunParams>
      <FormatVersion Value="2"/>
    </RunParams>
    <RequiredPackages Count="1">
      <Item1>
        <PackageName Value="LCL"/>
      </Item1>
    </RequiredPackages>
    <Units Count="4">
      <Unit0>
        <Filename Value="purpleray_sbom_analyzer.lpr"/>
        <IsPartOfProject Value="True"/>
      </Unit0>
      <Unit1>
        <Filename Value="uMainForm.pas"/>
        <IsPartOfProject Value="True"/>
        <ComponentName Value="MainForm"/>
        <ResourceBaseClass Value="Form"/>
        <UnitName Value="uMainForm"/>
      </Unit1>
      <Unit2>
        <Filename Value="uScanSettingsDialog.pas"/>
        <IsPartOfProject Value="True"/>
        <ComponentName Value="ScanSettingsDialog"/>
        <ResourceBaseClass Value="Form"/>
        <UnitName Value="uScanSettingsDialog"/>
      </Unit2>
      <Unit3>
        <Filename Value="uSBOMAnalyzerFrame.pas"/>
        <IsPartOfProject Value="True"/>
        <ComponentName Value="SBOMAnalyzerFrame"/>
        <HasResources Value="True"/>
        <ResourceBaseClass Value="Frame"/>
        <UnitName Value="uSBOMAnalyzerFrame"/>
      </Unit3>
    </Units>
  </ProjectOptions>
  <CompilerOptions>
    <Version Value="11"/>
    <Target>
      <Filename Value="../build/debug/purpleray-sbom-analyzer"/>
    </Target>
    <SearchPaths>
      <IncludeFiles Value="$(ProjOutDir)"/>
      <UnitOutputDirectory Value="../build/debug/units/$(TargetCPU)-$(TargetOS)"/>
    </SearchPaths>
    <Parsing>
      <SyntaxOptions>
        <IncludeAssertionCode Value="True"/>
      </SyntaxOptions>
    </Parsing>
    <CodeGeneration>
      <Checks>
        <IOChecks Value="True"/>
        <RangeChecks Value="True"/>
        <OverflowChecks Value="True"/>
        <StackChecks Value="True"/>
      </Checks>
      <VerifyObjMethodCallValidity Value="True"/>
    </CodeGeneration>
    <Linking>
      <Debugging>
        <DebugInfoType Value="dsDwarf2Set"/>
        <UseHeaptrc Value="True"/>
        <TrashVariables Value="True"/>
      </Debugging>
      <Options>
        <Win32>
          <GraphicApplication Value="True"/>
        </Win32>
      </Options>
    </Linking>
  </CompilerOptions>
  <Debugging>
    <Exceptions Count="3">
      <Item1><Name Value="EAbort"/></Item1>
      <Item2><Name Value="EInOutError"/></Item2>
      <Item3><Name Value="EFOpenError"/></Item3>
    </Exceptions>
  </Debugging>
</CONFIG>
